// !$*UTF8*$!
{
	archiveVersion = 1;
	classes = {
	};
	objectVersion = 77;
	objects = {

/* Begin PBXBuildFile section */
		04C66F964F31ADC4F8123C8A /* TaskDetailView.swift in Sources */ = {isa = PBXBuildFile; fileRef = 7896AE69EBCE9FAF58815FD6 /* TaskDetailView.swift */; };
		06841887A9C11964FCC806EF /* EventKitCalendarRepository.swift in Sources */ = {isa = PBXBuildFile; fileRef = BA6544FC5F9EDC67110D2CC9 /* EventKitCalendarRepository.swift */; };
		099C8F64695FB24D476D8B1F /* TenoraWidgets.appex in Embed Foundation Extensions */ = {isa = PBXBuildFile; fileRef = 163306FCA5F71DD4F1C6B8DF /* TenoraWidgets.appex */; settings = {ATTRIBUTES = (RemoveHeadersOnCopy, ); }; };
		0B0DFADD94148FE03736D015 /* AvailabilityEngineTests.swift in Sources */ = {isa = PBXBuildFile; fileRef = F1A59288033B3920E4AA9539 /* AvailabilityEngineTests.swift */; };
		0B3345A3678763E36A1D274A /* TaskEditorTests.swift in Sources */ = {isa = PBXBuildFile; fileRef = 6FEADB9C842341BBFE93BAC7 /* TaskEditorTests.swift */; };
		0C819A0AA3A325B5809D5AFC /* TenoraTheme.swift in Sources */ = {isa = PBXBuildFile; fileRef = 3F72AA20E4FD3F2F0588C1D0 /* TenoraTheme.swift */; };
		0EFC3B132C806F86DD78386F /* ReturnTriggerAndHorizonTests.swift in Sources */ = {isa = PBXBuildFile; fileRef = 33822CD21A913AB5F111CB4F /* ReturnTriggerAndHorizonTests.swift */; };
		0F2F1BEC60C274416F49AA3D /* RootTabView.swift in Sources */ = {isa = PBXBuildFile; fileRef = 9B5DF93911830F780A3C6D2F /* RootTabView.swift */; };
		14980D8B2E14247D8B06B1AB /* TodayView.swift in Sources */ = {isa = PBXBuildFile; fileRef = 4274B603B59539ED701D1BFE /* TodayView.swift */; };
		16783E6F47FFA852B411F15C /* ReviewEngineTests.swift in Sources */ = {isa = PBXBuildFile; fileRef = F09D1338468E0A708CBA17ED /* ReviewEngineTests.swift */; };
		18DB53640FC7C817C425E430 /* ResumeView.swift in Sources */ = {isa = PBXBuildFile; fileRef = 8B038186373CD861DF2FABED /* ResumeView.swift */; };
		1C07AAAF9D1A6B4084EAB9F6 /* TenoraTask.swift in Sources */ = {isa = PBXBuildFile; fileRef = CFB1939D430BE027D318ECB2 /* TenoraTask.swift */; };
		1DF2C61F7C28443C32F2C205 /* TaskStoreTests.swift in Sources */ = {isa = PBXBuildFile; fileRef = 8433CE527CC435A423A25CA0 /* TaskStoreTests.swift */; };
		20AD5872EEADE2F4FB61C54B /* AvailabilityEngine.swift in Sources */ = {isa = PBXBuildFile; fileRef = ECD3A86FF0217FBDF1AC7F96 /* AvailabilityEngine.swift */; };
		2BEA67D92CE64346ED4DC289 /* TenoraTask.swift in Sources */ = {isa = PBXBuildFile; fileRef = CFB1939D430BE027D318ECB2 /* TenoraTask.swift */; };
		30A3174F03A6B85D55EE2E92 /* ReminderService.swift in Sources */ = {isa = PBXBuildFile; fileRef = 6933A55158FECF10EF2EEB92 /* ReminderService.swift */; };
		32AF791F93D1EF37ADF8E186 /* AttentionPreferences.swift in Sources */ = {isa = PBXBuildFile; fileRef = 5BEA5F503C74A21E3C107415 /* AttentionPreferences.swift */; };
		340EB1CECF90DBD1E01E6AEB /* HoldPlaceView.swift in Sources */ = {isa = PBXBuildFile; fileRef = 2206AB6F9FD70DA8DEEE5E2C /* HoldPlaceView.swift */; };
		372A8421BFC36C8C8CF0B8B2 /* TaskStore.swift in Sources */ = {isa = PBXBuildFile; fileRef = 7103B4F45D830AB456714BEE /* TaskStore.swift */; };
		3DFA95E7E87EACD8FB4AE016 /* InboxView.swift in Sources */ = {isa = PBXBuildFile; fileRef = 7A53CB65C882B6D7CF17EFEB /* InboxView.swift */; };
		403609666CE3263ECAB9C958 /* AgentBridgeSyncService.swift in Sources */ = {isa = PBXBuildFile; fileRef = 4CDA64E65F12BB008E1CC197 /* AgentBridgeSyncService.swift */; };
		407A2E1D409D679C508202E9 /* AgentBridgeOAuthClient.swift in Sources */ = {isa = PBXBuildFile; fileRef = BC2AB20BB875340E79477903 /* AgentBridgeOAuthClient.swift */; };
		445BDF798448384F201194CD /* WidgetSnapshotTests.swift in Sources */ = {isa = PBXBuildFile; fileRef = 59FBBC66681C734960039382 /* WidgetSnapshotTests.swift */; };
		4D87E9862A7B5F07302E5C08 /* ReminderPlannerTests.swift in Sources */ = {isa = PBXBuildFile; fileRef = 0CCF9D44CFCCC227BF002888 /* ReminderPlannerTests.swift */; };
		4E2D9277EEC04F3F3A5271E6 /* CalendarRepository.swift in Sources */ = {isa = PBXBuildFile; fileRef = 573A0DBF08C57424EF79BACA /* CalendarRepository.swift */; };
		55537D5C4CE1A7BFDBCC6A00 /* AgentBridgeSnapshot.swift in Sources */ = {isa = PBXBuildFile; fileRef = FE95205C16E1A275CDC9A52D /* AgentBridgeSnapshot.swift */; };
		5A4BAFCB67FF377485A1FC59 /* Assets.xcassets in Resources */ = {isa = PBXBuildFile; fileRef = 9C62C833A4A9B5283A2A3A0C /* Assets.xcassets */; };
		5A5AD50A65F5686658A16919 /* SettingsView.swift in Sources */ = {isa = PBXBuildFile; fileRef = 3F8853A90211A4B982F760F2 /* SettingsView.swift */; };
		60FEFCA2E15B9D0201854426 /* AddTaskView.swift in Sources */ = {isa = PBXBuildFile; fileRef = 604F3CF4EBF37F94368BCFC9 /* AddTaskView.swift */; };
		6329FB0E673FA5E466B8EB3E /* AttentionLoopUITests.swift in Sources */ = {isa = PBXBuildFile; fileRef = 542383F66EBA91110223583F /* AttentionLoopUITests.swift */; };
		661C4A214173857BA3C21967 /* ReminderPlanner.swift in Sources */ = {isa = PBXBuildFile; fileRef = F7FF88060CCA737FB8B089CB /* ReminderPlanner.swift */; };
		6BA8BE22E0DBE0037ED1B3A7 /* TaskRepository.swift in Sources */ = {isa = PBXBuildFile; fileRef = 9C8F837184BFD98E3459E985 /* TaskRepository.swift */; };
		6C72525EB19B50DA6209BD56 /* TenoraRoute.swift in Sources */ = {isa = PBXBuildFile; fileRef = D0A0F9DB53B7840A29FF463F /* TenoraRoute.swift */; };
		6D48EF0408EBBA662E06234D /* ResurfacingEngine.swift in Sources */ = {isa = PBXBuildFile; fileRef = 5FFA17589D90E3E4B1ED1CCD /* ResurfacingEngine.swift */; };
		6F083C1DCD34E705F67D4028 /* AppRuntime.swift in Sources */ = {isa = PBXBuildFile; fileRef = 51F19E6E8CD40C49962E57D3 /* AppRuntime.swift */; };
		756F3F8C64A3C26AC4854241 /* WidgetPublisher.swift in Sources */ = {isa = PBXBuildFile; fileRef = 836E8036D961E35CBBDF538C /* WidgetPublisher.swift */; };
		785471ADFD779481990FF92E /* JustStartView.swift in Sources */ = {isa = PBXBuildFile; fileRef = 7D79121D1E428AB1FF0FDD53 /* JustStartView.swift */; };
		78A8864B009A338EBF65C54D /* WorkingSchedule.swift in Sources */ = {isa = PBXBuildFile; fileRef = F3A36739B23B71D41557D752 /* WorkingSchedule.swift */; };
		79BB50144F12E9D750F3E0B7 /* DayHorizonEngine.swift in Sources */ = {isa = PBXBuildFile; fileRef = 0E04727DCD4984B8396189FE /* DayHorizonEngine.swift */; };
		7B2D12CDB9E604B6A87BDFF8 /* TenoraClock.swift in Sources */ = {isa = PBXBuildFile; fileRef = 6D4D308B84A73C48483E0987 /* TenoraClock.swift */; };
		82EE04DE38E456B14034BED0 /* AgentBridgeSnapshotTests.swift in Sources */ = {isa = PBXBuildFile; fileRef = B9ED8DF54E8B8CB2B4EF0E7E /* AgentBridgeSnapshotTests.swift */; };
		8BD6BFD000ACC2DB40FFB148 /* ReturnTriggerView.swift in Sources */ = {isa = PBXBuildFile; fileRef = BFB8EC27C0F9348CEC9633BF /* ReturnTriggerView.swift */; };
		8D3F3E31B17B93DA3C8586C1 /* TaskPriorityEngineTests.swift in Sources */ = {isa = PBXBuildFile; fileRef = 4C66726052401F713836DD7E /* TaskPriorityEngineTests.swift */; };
		9215B39CB44625FE0D5F99E6 /* WorkingScheduleTests.swift in Sources */ = {isa = PBXBuildFile; fileRef = F397661F77BEED30C63991C5 /* WorkingScheduleTests.swift */; };
		95D268E986CA5A605BD4118C /* TaskPriorityEngine.swift in Sources */ = {isa = PBXBuildFile; fileRef = 7E87296818AA1E88F045EB17 /* TaskPriorityEngine.swift */; };
		971ADF97835B51BD90696C52 /* TenoraWidgets.swift in Sources */ = {isa = PBXBuildFile; fileRef = EC6C3E3B4D480D6870CCBE17 /* TenoraWidgets.swift */; };
		97D1587772CADDAC643B6E37 /* TaskPriorityEngine.swift in Sources */ = {isa = PBXBuildFile; fileRef = 7E87296818AA1E88F045EB17 /* TaskPriorityEngine.swift */; };
		9E868298E79D04132FA3238A /* CalendarView.swift in Sources */ = {isa = PBXBuildFile; fileRef = AFEBBB461D5EE714B551CAA2 /* CalendarView.swift */; };
		A0DD0C0BCDE140A28965DFD4 /* ReviewView.swift in Sources */ = {isa = PBXBuildFile; fileRef = 45DCBACC2B7061F69FDC55FF /* ReviewView.swift */; };
		A5D4D262BE97E4E29CE52502 /* AgentBridgeTokenStore.swift in Sources */ = {isa = PBXBuildFile; fileRef = E3197B14D4577EA491823ED0 /* AgentBridgeTokenStore.swift */; };
		A7C681922BB2A03C67CF1CBF /* TenoraRouteTests.swift in Sources */ = {isa = PBXBuildFile; fileRef = 5371FB5D531D33CDDCD675F1 /* TenoraRouteTests.swift */; };
		A8854A3DFFC27EC0654F923D /* StoredTask.swift in Sources */ = {isa = PBXBuildFile; fileRef = A32C111D0AB90057D68F77C2 /* StoredTask.swift */; };
		A96312DD6AE260B5E948340D /* WidgetSnapshot.swift in Sources */ = {isa = PBXBuildFile; fileRef = DEBD863E438A9164DFAFB3B3 /* WidgetSnapshot.swift */; };
		AC8099B5AF218BE1F7816EA4 /* AvailabilityEngine.swift in Sources */ = {isa = PBXBuildFile; fileRef = ECD3A86FF0217FBDF1AC7F96 /* AvailabilityEngine.swift */; };
		B15604E0CA5032879EAD7576 /* TransitionPlanView.swift in Sources */ = {isa = PBXBuildFile; fileRef = C37F3FD4897A41789F7650FC /* TransitionPlanView.swift */; };
		B6B102658B0DF7D9B6300440 /* WidgetSnapshot.swift in Sources */ = {isa = PBXBuildFile; fileRef = DEBD863E438A9164DFAFB3B3 /* WidgetSnapshot.swift */; };
		C32467DAE01914D3C2B1C922 /* TransitionStore.swift in Sources */ = {isa = PBXBuildFile; fileRef = 5CEB3DCC1A9E4C642CF2A756 /* TransitionStore.swift */; };
		C4BD3ABAF521AED9DEDE8252 /* TransitionPlan.swift in Sources */ = {isa = PBXBuildFile; fileRef = C126DD5B2154D6CD5A5E23C5 /* TransitionPlan.swift */; };
		C6F2A596E352B76CC0163AE7 /* TaskEditor.swift in Sources */ = {isa = PBXBuildFile; fileRef = 280A223B544BC7B3F89E81C8 /* TaskEditor.swift */; };
		D38B1A595D4B0BDBD2BB0C7D /* CalendarStore.swift in Sources */ = {isa = PBXBuildFile; fileRef = 90B8721CBD26427721185F52 /* CalendarStore.swift */; };
		D3DDCCD541043387E702CB84 /* ReturnTriggerEngine.swift in Sources */ = {isa = PBXBuildFile; fileRef = 8B8E439EC8238F9CEE34E3A0 /* ReturnTriggerEngine.swift */; };
		D73117B6CD73D61EF82BF2A4 /* WorkingSchedule.swift in Sources */ = {isa = PBXBuildFile; fileRef = F3A36739B23B71D41557D752 /* WorkingSchedule.swift */; };
		DAB043AB24C2B6404417D082 /* TransitionStoreTests.swift in Sources */ = {isa = PBXBuildFile; fileRef = E38104CFAAA9B1F9B1E62ECA /* TransitionStoreTests.swift */; };
		E2A67032527C1684336B0BBC /* SwiftDataTaskRepository.swift in Sources */ = {isa = PBXBuildFile; fileRef = 49D4AC1B40D0945D73975D96 /* SwiftDataTaskRepository.swift */; };
		E3C46AB9F2CEA716A6B93023 /* AddTenoraTaskIntent.swift in Sources */ = {isa = PBXBuildFile; fileRef = A8DEC2E47D1ECE34CF3BD9F1 /* AddTenoraTaskIntent.swift */; };
		E5C547BC8E8E140AC6966DF8 /* CalendarStoreTests.swift in Sources */ = {isa = PBXBuildFile; fileRef = 8B3B79C90A2DD2800B812252 /* CalendarStoreTests.swift */; };
		ECA88619CA0CB9CBD5ED08B7 /* WorkingScheduleView.swift in Sources */ = {isa = PBXBuildFile; fileRef = DF0F402F160274492F263C08 /* WorkingScheduleView.swift */; };
		F0F2676A336AA0641FDAC392 /* TenoraApp.swift in Sources */ = {isa = PBXBuildFile; fileRef = 675BBBBAD84FAABC4FC78C11 /* TenoraApp.swift */; };
		F2D618D935E8515463619602 /* AgentBridgeConfiguration.swift in Sources */ = {isa = PBXBuildFile; fileRef = C03CCC010B34D5320027778E /* AgentBridgeConfiguration.swift */; };
		F5BB42BDCC888B6C857013B1 /* CalendarEvent.swift in Sources */ = {isa = PBXBuildFile; fileRef = 3C48283DFF888C7FF92625D6 /* CalendarEvent.swift */; };
		F87D76931A25DFDC59728325 /* SwiftDataTaskRepositoryTests.swift in Sources */ = {isa = PBXBuildFile; fileRef = 61958874194B7B375841513D /* SwiftDataTaskRepositoryTests.swift */; };
		FB4E2F41072050CF199FD9BD /* CalendarEvent.swift in Sources */ = {isa = PBXBuildFile; fileRef = 3C48283DFF888C7FF92625D6 /* CalendarEvent.swift */; };
		FBDECDE086D3B5A21187CBBB /* ReviewEngine.swift in Sources */ = {isa = PBXBuildFile; fileRef = 925B32348C57BAF1E50224E4 /* ReviewEngine.swift */; };
		FD2795F09FD35262B448FD83 /* ResurfacingEngineTests.swift in Sources */ = {isa = PBXBuildFile; fileRef = 37321E3F7287D21A2716E2BC /* ResurfacingEngineTests.swift */; };
/* End PBXBuildFile section */

/* Begin PBXContainerItemProxy section */
		3B80A379D9BE114484A4E9E9 /* PBXContainerItemProxy */ = {
			isa = PBXContainerItemProxy;
			containerPortal = 1DEB33B7E57D9DEB94FFE18E /* Project object */;
			proxyType = 1;
			remoteGlobalIDString = CCF09C66E1D46695BF16BBCF;
			remoteInfo = Tenora;
		};
		3D218F2736E2D9E040C99296 /* PBXContainerItemProxy */ = {
			isa = PBXContainerItemProxy;
			containerPortal = 1DEB33B7E57D9DEB94FFE18E /* Project object */;
			proxyType = 1;
			remoteGlobalIDString = CCF09C66E1D46695BF16BBCF;
			remoteInfo = Tenora;
		};
		52353D2DED4361C81DF20A60 /* PBXContainerItemProxy */ = {
			isa = PBXContainerItemProxy;
			containerPortal = 1DEB33B7E57D9DEB94FFE18E /* Project object */;
			proxyType = 1;
			remoteGlobalIDString = FF99FE73B8311E98F6452418;
			remoteInfo = TenoraWidgets;
		};
/* End PBXContainerItemProxy section */

/* Begin PBXCopyFilesBuildPhase section */
		A2E0573453CC1700763F9596 /* Embed Foundation Extensions */ = {
			isa = PBXCopyFilesBuildPhase;
			buildActionMask = 2147483647;
			dstPath = "";
			dstSubfolderSpec = 13;
			files = (
				099C8F64695FB24D476D8B1F /* TenoraWidgets.appex in Embed Foundation Extensions */,
			);
			name = "Embed Foundation Extensions";
			runOnlyForDeploymentPostprocessing = 0;
		};
/* End PBXCopyFilesBuildPhase section */

/* Begin PBXFileReference section */
		097586400EF8CF9FB953F7FE /* Info.plist */ = {isa = PBXFileReference; lastKnownFileType = text.plist; path = Info.plist; sourceTree = "<group>"; };
		0CCF9D44CFCCC227BF002888 /* ReminderPlannerTests.swift */ = {isa = PBXFileReference; lastKnownFileType = sourcecode.swift; path = ReminderPlannerTests.swift; sourceTree = "<group>"; };
		0E04727DCD4984B8396189FE /* DayHorizonEngine.swift */ = {isa = PBXFileReference; lastKnownFileType = sourcecode.swift; path = DayHorizonEngine.swift; sourceTree = "<group>"; };
		163306FCA5F71DD4F1C6B8DF /* TenoraWidgets.appex */ = {isa = PBXFileReference; includeInIndex = 0; lastKnownFileType = "wrapper.app-extension"; path = TenoraWidgets.appex; sourceTree = BUILT_PRODUCTS_DIR; };
		2206AB6F9FD70DA8DEEE5E2C /* HoldPlaceView.swift */ = {isa = PBXFileReference; lastKnownFileType = sourcecode.swift; path = HoldPlaceView.swift; sourceTree = "<group>"; };
		280A223B544BC7B3F89E81C8 /* TaskEditor.swift */ = {isa = PBXFileReference; lastKnownFileType = sourcecode.swift; path = TaskEditor.swift; sourceTree = "<group>"; };
		314C15E4DE51716B6CF64291 /* TenoraUITests.xctest */ = {isa = PBXFileReference; includeInIndex = 0; lastKnownFileType = wrapper.cfbundle; path = TenoraUITests.xctest; sourceTree = BUILT_PRODUCTS_DIR; };
		33822CD21A913AB5F111CB4F /* ReturnTriggerAndHorizonTests.swift */ = {isa = PBXFileReference; lastKnownFileType = sourcecode.swift; path = ReturnTriggerAndHorizonTests.swift; sourceTree = "<group>"; };
		37321E3F7287D21A2716E2BC /* ResurfacingEngineTests.swift */ = {isa = PBXFileReference; lastKnownFileType = sourcecode.swift; path = ResurfacingEngineTests.swift; sourceTree = "<group>"; };
		3C48283DFF888C7FF92625D6 /* CalendarEvent.swift */ = {isa = PBXFileReference; lastKnownFileType = sourcecode.swift; path = CalendarEvent.swift; sourceTree = "<group>"; };
		3F72AA20E4FD3F2F0588C1D0 /* TenoraTheme.swift */ = {isa = PBXFileReference; lastKnownFileType = sourcecode.swift; path = TenoraTheme.swift; sourceTree = "<group>"; };
		3F8853A90211A4B982F760F2 /* SettingsView.swift */ = {isa = PBXFileReference; lastKnownFileType = sourcecode.swift; path = SettingsView.swift; sourceTree = "<group>"; };
		4274B603B59539ED701D1BFE /* TodayView.swift */ = {isa = PBXFileReference; lastKnownFileType = sourcecode.swift; path = TodayView.swift; sourceTree = "<group>"; };
		45DCBACC2B7061F69FDC55FF /* ReviewView.swift */ = {isa = PBXFileReference; lastKnownFileType = sourcecode.swift; path = ReviewView.swift; sourceTree = "<group>"; };
		49D4AC1B40D0945D73975D96 /* SwiftDataTaskRepository.swift */ = {isa = PBXFileReference; lastKnownFileType = sourcecode.swift; path = SwiftDataTaskRepository.swift; sourceTree = "<group>"; };
		4C66726052401F713836DD7E /* TaskPriorityEngineTests.swift */ = {isa = PBXFileReference; lastKnownFileType = sourcecode.swift; path = TaskPriorityEngineTests.swift; sourceTree = "<group>"; };
		4CDA64E65F12BB008E1CC197 /* AgentBridgeSyncService.swift */ = {isa = PBXFileReference; lastKnownFileType = sourcecode.swift; path = AgentBridgeSyncService.swift; sourceTree = "<group>"; };
		51F19E6E8CD40C49962E57D3 /* AppRuntime.swift */ = {isa = PBXFileReference; lastKnownFileType = sourcecode.swift; path = AppRuntime.swift; sourceTree = "<group>"; };
		5371FB5D531D33CDDCD675F1 /* TenoraRouteTests.swift */ = {isa = PBXFileReference; lastKnownFileType = sourcecode.swift; path = TenoraRouteTests.swift; sourceTree = "<group>"; };
		542383F66EBA91110223583F /* AttentionLoopUITests.swift */ = {isa = PBXFileReference; lastKnownFileType = sourcecode.swift; path = AttentionLoopUITests.swift; sourceTree = "<group>"; };
		573A0DBF08C57424EF79BACA /* CalendarRepository.swift */ = {isa = PBXFileReference; lastKnownFileType = sourcecode.swift; path = CalendarRepository.swift; sourceTree = "<group>"; };
		59FBBC66681C734960039382 /* WidgetSnapshotTests.swift */ = {isa = PBXFileReference; lastKnownFileType = sourcecode.swift; path = WidgetSnapshotTests.swift; sourceTree = "<group>"; };
		5BEA5F503C74A21E3C107415 /* AttentionPreferences.swift */ = {isa = PBXFileReference; lastKnownFileType = sourcecode.swift; path = AttentionPreferences.swift; sourceTree = "<group>"; };
		5CEB3DCC1A9E4C642CF2A756 /* TransitionStore.swift */ = {isa = PBXFileReference; lastKnownFileType = sourcecode.swift; path = TransitionStore.swift; sourceTree = "<group>"; };
		5CEBD60058A122871403AEA8 /* Info.plist */ = {isa = PBXFileReference; lastKnownFileType = text.plist; path = Info.plist; sourceTree = "<group>"; };
		5FFA17589D90E3E4B1ED1CCD /* ResurfacingEngine.swift */ = {isa = PBXFileReference; lastKnownFileType = sourcecode.swift; path = ResurfacingEngine.swift; sourceTree = "<group>"; };
		604F3CF4EBF37F94368BCFC9 /* AddTaskView.swift */ = {isa = PBXFileReference; lastKnownFileType = sourcecode.swift; path = AddTaskView.swift; sourceTree = "<group>"; };
		61958874194B7B375841513D /* SwiftDataTaskRepositoryTests.swift */ = {isa = PBXFileReference; lastKnownFileType = sourcecode.swift; path = SwiftDataTaskRepositoryTests.swift; sourceTree = "<group>"; };
		675BBBBAD84FAABC4FC78C11 /* TenoraApp.swift */ = {isa = PBXFileReference; lastKnownFileType = sourcecode.swift; path = TenoraApp.swift; sourceTree = "<group>"; };
		67A21DB4A81A3680B2429D5E /* TenoraTests.xctest */ = {isa = PBXFileReference; includeInIndex = 0; lastKnownFileType = wrapper.cfbundle; path = TenoraTests.xctest; sourceTree = BUILT_PRODUCTS_DIR; };
		6933A55158FECF10EF2EEB92 /* ReminderService.swift */ = {isa = PBXFileReference; lastKnownFileType = sourcecode.swift; path = ReminderService.swift; sourceTree = "<group>"; };
		6D4D308B84A73C48483E0987 /* TenoraClock.swift */ = {isa = PBXFileReference; lastKnownFileType = sourcecode.swift; path = TenoraClock.swift; sourceTree = "<group>"; };
		6FEADB9C842341BBFE93BAC7 /* TaskEditorTests.swift */ = {isa = PBXFileReference; lastKnownFileType = sourcecode.swift; path = TaskEditorTests.swift; sourceTree = "<group>"; };
		7103B4F45D830AB456714BEE /* TaskStore.swift */ = {isa = PBXFileReference; lastKnownFileType = sourcecode.swift; path = TaskStore.swift; sourceTree = "<group>"; };
		7896AE69EBCE9FAF58815FD6 /* TaskDetailView.swift */ = {isa = PBXFileReference; lastKnownFileType = sourcecode.swift; path = TaskDetailView.swift; sourceTree = "<group>"; };
		7A53CB65C882B6D7CF17EFEB /* InboxView.swift */ = {isa = PBXFileReference; lastKnownFileType = sourcecode.swift; path = InboxView.swift; sourceTree = "<group>"; };
		7D79121D1E428AB1FF0FDD53 /* JustStartView.swift */ = {isa = PBXFileReference; lastKnownFileType = sourcecode.swift; path = JustStartView.swift; sourceTree = "<group>"; };
		7E87296818AA1E88F045EB17 /* TaskPriorityEngine.swift */ = {isa = PBXFileReference; lastKnownFileType = sourcecode.swift; path = TaskPriorityEngine.swift; sourceTree = "<group>"; };
		836E8036D961E35CBBDF538C /* WidgetPublisher.swift */ = {isa = PBXFileReference; lastKnownFileType = sourcecode.swift; path = WidgetPublisher.swift; sourceTree = "<group>"; };
		8433CE527CC435A423A25CA0 /* TaskStoreTests.swift */ = {isa = PBXFileReference; lastKnownFileType = sourcecode.swift; path = TaskStoreTests.swift; sourceTree = "<group>"; };
		8B038186373CD861DF2FABED /* ResumeView.swift */ = {isa = PBXFileReference; lastKnownFileType = sourcecode.swift; path = ResumeView.swift; sourceTree = "<group>"; };
		8B3B79C90A2DD2800B812252 /* CalendarStoreTests.swift */ = {isa = PBXFileReference; lastKnownFileType = sourcecode.swift; path = CalendarStoreTests.swift; sourceTree = "<group>"; };
		8B8E439EC8238F9CEE34E3A0 /* ReturnTriggerEngine.swift */ = {isa = PBXFileReference; lastKnownFileType = sourcecode.swift; path = ReturnTriggerEngine.swift; sourceTree = "<group>"; };
		90B8721CBD26427721185F52 /* CalendarStore.swift */ = {isa = PBXFileReference; lastKnownFileType = sourcecode.swift; path = CalendarStore.swift; sourceTree = "<group>"; };
		925B32348C57BAF1E50224E4 /* ReviewEngine.swift */ = {isa = PBXFileReference; lastKnownFileType = sourcecode.swift; path = ReviewEngine.swift; sourceTree = "<group>"; };
		9775125D4BE592E5B30197F5 /* TenoraWidgets.entitlements */ = {isa = PBXFileReference; lastKnownFileType = text.plist.entitlements; path = TenoraWidgets.entitlements; sourceTree = "<group>"; };
		9B5DF93911830F780A3C6D2F /* RootTabView.swift */ = {isa = PBXFileReference; lastKnownFileType = sourcecode.swift; path = RootTabView.swift; sourceTree = "<group>"; };
		9C62C833A4A9B5283A2A3A0C /* Assets.xcassets */ = {isa = PBXFileReference; lastKnownFileType = folder.assetcatalog; path = Assets.xcassets; sourceTree = "<group>"; };
		9C8F837184BFD98E3459E985 /* TaskRepository.swift */ = {isa = PBXFileReference; lastKnownFileType = sourcecode.swift; path = TaskRepository.swift; sourceTree = "<group>"; };
		A32C111D0AB90057D68F77C2 /* StoredTask.swift */ = {isa = PBXFileReference; lastKnownFileType = sourcecode.swift; path = StoredTask.swift; sourceTree = "<group>"; };
		A8DEC2E47D1ECE34CF3BD9F1 /* AddTenoraTaskIntent.swift */ = {isa = PBXFileReference; lastKnownFileType = sourcecode.swift; path = AddTenoraTaskIntent.swift; sourceTree = "<group>"; };
		AFEBBB461D5EE714B551CAA2 /* CalendarView.swift */ = {isa = PBXFileReference; lastKnownFileType = sourcecode.swift; path = CalendarView.swift; sourceTree = "<group>"; };
		B9ED8DF54E8B8CB2B4EF0E7E /* AgentBridgeSnapshotTests.swift */ = {isa = PBXFileReference; lastKnownFileType = sourcecode.swift; path = AgentBridgeSnapshotTests.swift; sourceTree = "<group>"; };
		BA6544FC5F9EDC67110D2CC9 /* EventKitCalendarRepository.swift */ = {isa = PBXFileReference; lastKnownFileType = sourcecode.swift; path = EventKitCalendarRepository.swift; sourceTree = "<group>"; };
		BC2AB20BB875340E79477903 /* AgentBridgeOAuthClient.swift */ = {isa = PBXFileReference; lastKnownFileType = sourcecode.swift; path = AgentBridgeOAuthClient.swift; sourceTree = "<group>"; };
		BFB8EC27C0F9348CEC9633BF /* ReturnTriggerView.swift */ = {isa = PBXFileReference; lastKnownFileType = sourcecode.swift; path = ReturnTriggerView.swift; sourceTree = "<group>"; };
		C03CCC010B34D5320027778E /* AgentBridgeConfiguration.swift */ = {isa = PBXFileReference; lastKnownFileType = sourcecode.swift; path = AgentBridgeConfiguration.swift; sourceTree = "<group>"; };
		C126DD5B2154D6CD5A5E23C5 /* TransitionPlan.swift */ = {isa = PBXFileReference; lastKnownFileType = sourcecode.swift; path = TransitionPlan.swift; sourceTree = "<group>"; };
		C37F3FD4897A41789F7650FC /* TransitionPlanView.swift */ = {isa = PBXFileReference; lastKnownFileType = sourcecode.swift; path = TransitionPlanView.swift; sourceTree = "<group>"; };
		CFB1939D430BE027D318ECB2 /* TenoraTask.swift */ = {isa = PBXFileReference; lastKnownFileType = sourcecode.swift; path = TenoraTask.swift; sourceTree = "<group>"; };
		D0A0F9DB53B7840A29FF463F /* TenoraRoute.swift */ = {isa = PBXFileReference; lastKnownFileType = sourcecode.swift; path = TenoraRoute.swift; sourceTree = "<group>"; };
		D2226ECEA8A388C073F70CA3 /* Tenora.entitlements */ = {isa = PBXFileReference; lastKnownFileType = text.plist.entitlements; path = Tenora.entitlements; sourceTree = "<group>"; };
		DEBD863E438A9164DFAFB3B3 /* WidgetSnapshot.swift */ = {isa = PBXFileReference; lastKnownFileType = sourcecode.swift; path = WidgetSnapshot.swift; sourceTree = "<group>"; };
		DF0F402F160274492F263C08 /* WorkingScheduleView.swift */ = {isa = PBXFileReference; lastKnownFileType = sourcecode.swift; path = WorkingScheduleView.swift; sourceTree = "<group>"; };
		E3197B14D4577EA491823ED0 /* AgentBridgeTokenStore.swift */ = {isa = PBXFileReference; lastKnownFileType = sourcecode.swift; path = AgentBridgeTokenStore.swift; sourceTree = "<group>"; };
		E38104CFAAA9B1F9B1E62ECA /* TransitionStoreTests.swift */ = {isa = PBXFileReference; lastKnownFileType = sourcecode.swift; path = TransitionStoreTests.swift; sourceTree = "<group>"; };
		E60B9C1E87BB4040D684F879 /* Tenora.app */ = {isa = PBXFileReference; includeInIndex = 0; lastKnownFileType = wrapper.application; path = Tenora.app; sourceTree = BUILT_PRODUCTS_DIR; };
		EC6C3E3B4D480D6870CCBE17 /* TenoraWidgets.swift */ = {isa = PBXFileReference; lastKnownFileType = sourcecode.swift; path = TenoraWidgets.swift; sourceTree = "<group>"; };
		ECD3A86FF0217FBDF1AC7F96 /* AvailabilityEngine.swift */ = {isa = PBXFileReference; lastKnownFileType = sourcecode.swift; path = AvailabilityEngine.swift; sourceTree = "<group>"; };
		F09D1338468E0A708CBA17ED /* ReviewEngineTests.swift */ = {isa = PBXFileReference; lastKnownFileType = sourcecode.swift; path = ReviewEngineTests.swift; sourceTree = "<group>"; };
		F1A59288033B3920E4AA9539 /* AvailabilityEngineTests.swift */ = {isa = PBXFileReference; lastKnownFileType = sourcecode.swift; path = AvailabilityEngineTests.swift; sourceTree = "<group>"; };
		F397661F77BEED30C63991C5 /* WorkingScheduleTests.swift */ = {isa = PBXFileReference; lastKnownFileType = sourcecode.swift; path = WorkingScheduleTests.swift; sourceTree = "<group>"; };
		F3A36739B23B71D41557D752 /* WorkingSchedule.swift */ = {isa = PBXFileReference; lastKnownFileType = sourcecode.swift; path = WorkingSchedule.swift; sourceTree = "<group>"; };
		F7FF88060CCA737FB8B089CB /* ReminderPlanner.swift */ = {isa = PBXFileReference; lastKnownFileType = sourcecode.swift; path = ReminderPlanner.swift; sourceTree = "<group>"; };
		FE95205C16E1A275CDC9A52D /* AgentBridgeSnapshot.swift */ = {isa = PBXFileReference; lastKnownFileType = sourcecode.swift; path = AgentBridgeSnapshot.swift; sourceTree = "<group>"; };
/* End PBXFileReference section */

/* Begin PBXGroup section */
		02132AE1B9CEEDE5FF8E0948 /* Products */ = {
			isa = PBXGroup;
			children = (
				E60B9C1E87BB4040D684F879 /* Tenora.app */,
				67A21DB4A81A3680B2429D5E /* TenoraTests.xctest */,
				314C15E4DE51716B6CF64291 /* TenoraUITests.xctest */,
				163306FCA5F71DD4F1C6B8DF /* TenoraWidgets.appex */,
			);
			name = Products;
			sourceTree = "<group>";
		};
		0B2320877134A0E3B2424C15 /* EventKit */ = {
			isa = PBXGroup;
			children = (
				BA6544FC5F9EDC67110D2CC9 /* EventKitCalendarRepository.swift */,
			);
			path = EventKit;
			sourceTree = "<group>";
		};
		0FFA30F4C2BFA1E36F6D209C /* Today */ = {
			isa = PBXGroup;
			children = (
				4274B603B59539ED701D1BFE /* TodayView.swift */,
			);
			path = Today;
			sourceTree = "<group>";
		};
		163A10C801A874EEAEEB24FA /* AgentBridge */ = {
			isa = PBXGroup;
			children = (
				C03CCC010B34D5320027778E /* AgentBridgeConfiguration.swift */,
				BC2AB20BB875340E79477903 /* AgentBridgeOAuthClient.swift */,
				FE95205C16E1A275CDC9A52D /* AgentBridgeSnapshot.swift */,
				4CDA64E65F12BB008E1CC197 /* AgentBridgeSyncService.swift */,
				E3197B14D4577EA491823ED0 /* AgentBridgeTokenStore.swift */,
			);
			path = AgentBridge;
			sourceTree = "<group>";
		};
		18CDFDBDBCBBB0E530D9E604 /* Data */ = {
			isa = PBXGroup;
			children = (
				61958874194B7B375841513D /* SwiftDataTaskRepositoryTests.swift */,
			);
			path = Data;
			sourceTree = "<group>";
		};
		1A0B1F9FC9F88AA8C0FBF569 /* Shared */ = {
			isa = PBXGroup;
			children = (
				DEBD863E438A9164DFAFB3B3 /* WidgetSnapshot.swift */,
			);
			path = Shared;
			sourceTree = "<group>";
		};
		1A1F6DC03AEDAC4666D21CFD /* Services */ = {
			isa = PBXGroup;
			children = (
				5BEA5F503C74A21E3C107415 /* AttentionPreferences.swift */,
				ECD3A86FF0217FBDF1AC7F96 /* AvailabilityEngine.swift */,
				0E04727DCD4984B8396189FE /* DayHorizonEngine.swift */,
				F7FF88060CCA737FB8B089CB /* ReminderPlanner.swift */,
				5FFA17589D90E3E4B1ED1CCD /* ResurfacingEngine.swift */,
				8B8E439EC8238F9CEE34E3A0 /* ReturnTriggerEngine.swift */,
				925B32348C57BAF1E50224E4 /* ReviewEngine.swift */,
				280A223B544BC7B3F89E81C8 /* TaskEditor.swift */,
				7E87296818AA1E88F045EB17 /* TaskPriorityEngine.swift */,
			);
			path = Services;
			sourceTree = "<group>";
		};
		1FDCC93A5898D58DE26A3B73 /* Widgets */ = {
			isa = PBXGroup;
			children = (
				836E8036D961E35CBBDF538C /* WidgetPublisher.swift */,
			);
			path = Widgets;
			sourceTree = "<group>";
		};
		206CA588D5D158520BB0D938 /* LocalPersistence */ = {
			isa = PBXGroup;
			children = (
				A32C111D0AB90057D68F77C2 /* StoredTask.swift */,
				49D4AC1B40D0945D73975D96 /* SwiftDataTaskRepository.swift */,
			);
			path = LocalPersistence;
			sourceTree = "<group>";
		};
		2DD0A38238BB675CE647FFC7 /* Domain */ = {
			isa = PBXGroup;
			children = (
				3AADCAF53ACD489028526C5E /* Models */,
				73641F531C097096A47B41ED /* Repositories */,
				1A1F6DC03AEDAC4666D21CFD /* Services */,
				D6B656E84905F9AF03413FCB /* Time */,
			);
			path = Domain;
			sourceTree = "<group>";
		};
		34A50A353BE2496C6679385E /* Calendar */ = {
			isa = PBXGroup;
			children = (
				90B8721CBD26427721185F52 /* CalendarStore.swift */,
				AFEBBB461D5EE714B551CAA2 /* CalendarView.swift */,
				C37F3FD4897A41789F7650FC /* TransitionPlanView.swift */,
				5CEB3DCC1A9E4C642CF2A756 /* TransitionStore.swift */,
			);
			path = Calendar;
			sourceTree = "<group>";
		};
		3AADCAF53ACD489028526C5E /* Models */ = {
			isa = PBXGroup;
			children = (
				3C48283DFF888C7FF92625D6 /* CalendarEvent.swift */,
				D0A0F9DB53B7840A29FF463F /* TenoraRoute.swift */,
				CFB1939D430BE027D318ECB2 /* TenoraTask.swift */,
				C126DD5B2154D6CD5A5E23C5 /* TransitionPlan.swift */,
				F3A36739B23B71D41557D752 /* WorkingSchedule.swift */,
			);
			path = Models;
			sourceTree = "<group>";
		};
		40F43A14C87877A63800F68D /* AppIntents */ = {
			isa = PBXGroup;
			children = (
				A8DEC2E47D1ECE34CF3BD9F1 /* AddTenoraTaskIntent.swift */,
			);
			path = AppIntents;
			sourceTree = "<group>";
		};
		4371043D5E70E72A22CB1FD8 /* DesignSystem */ = {
			isa = PBXGroup;
			children = (
				3F72AA20E4FD3F2F0588C1D0 /* TenoraTheme.swift */,
			);
			path = DesignSystem;
			sourceTree = "<group>";
		};
		448E1D8DD34A2C5CFBCB648B /* Presentation */ = {
			isa = PBXGroup;
			children = (
				34A50A353BE2496C6679385E /* Calendar */,
				4371043D5E70E72A22CB1FD8 /* DesignSystem */,
				AE82A1A676FE5268092FA505 /* Inbox */,
				CC38C5AD55C55CBB4EA24B31 /* Navigation */,
				E7DB000E76CCF79A4E7FA1DF /* Review */,
				8FC6DADE5EFBC501D81CD8AE /* Settings */,
				83B51FE6303480359FAC95ED /* Shared */,
				E4CE00ACC1E9C63D1EBC59BB /* TaskCapture */,
				C9D621C96EF171D44E1EE815 /* TaskDetail */,
				0FFA30F4C2BFA1E36F6D209C /* Today */,
			);
			path = Presentation;
			sourceTree = "<group>";
		};
		57C7E37E074E538B72E85204 = {
			isa = PBXGroup;
			children = (
				1A0B1F9FC9F88AA8C0FBF569 /* Shared */,
				9C101192B7838B35AC06BBC7 /* Tenora */,
				E491BA617F63EC5CE7AFC692 /* TenoraTests */,
				BB83F931524879163112B7C2 /* TenoraUITests */,
				DAAC8C455F96909CFFA36980 /* TenoraWidgets */,
				02132AE1B9CEEDE5FF8E0948 /* Products */,
			);
			sourceTree = "<group>";
		};
		73641F531C097096A47B41ED /* Repositories */ = {
			isa = PBXGroup;
			children = (
				573A0DBF08C57424EF79BACA /* CalendarRepository.swift */,
				9C8F837184BFD98E3459E985 /* TaskRepository.swift */,
			);
			path = Repositories;
			sourceTree = "<group>";
		};
		7A0087F395EB69A5A7792B79 /* Presentation */ = {
			isa = PBXGroup;
			children = (
				8B3B79C90A2DD2800B812252 /* CalendarStoreTests.swift */,
				8433CE527CC435A423A25CA0 /* TaskStoreTests.swift */,
				E38104CFAAA9B1F9B1E62ECA /* TransitionStoreTests.swift */,
			);
			path = Presentation;
			sourceTree = "<group>";
		};
		83B51FE6303480359FAC95ED /* Shared */ = {
			isa = PBXGroup;
			children = (
				8B038186373CD861DF2FABED /* ResumeView.swift */,
				7103B4F45D830AB456714BEE /* TaskStore.swift */,
			);
			path = Shared;
			sourceTree = "<group>";
		};
		8FC6DADE5EFBC501D81CD8AE /* Settings */ = {
			isa = PBXGroup;
			children = (
				3F8853A90211A4B982F760F2 /* SettingsView.swift */,
				DF0F402F160274492F263C08 /* WorkingScheduleView.swift */,
			);
			path = Settings;
			sourceTree = "<group>";
		};
		9C101192B7838B35AC06BBC7 /* Tenora */ = {
			isa = PBXGroup;
			children = (
				C072C249E8CD9CB126C6196F /* App */,
				A488AE11940343578453022D /* Data */,
				2DD0A38238BB675CE647FFC7 /* Domain */,
				C81D3BCC785D55C8418C5D0A /* Platform */,
				448E1D8DD34A2C5CFBCB648B /* Presentation */,
				D6611FEA1547907CD953026D /* Resources */,
			);
			path = Tenora;
			sourceTree = "<group>";
		};
		A488AE11940343578453022D /* Data */ = {
			isa = PBXGroup;
			children = (
				206CA588D5D158520BB0D938 /* LocalPersistence */,
			);
			path = Data;
			sourceTree = "<group>";
		};
		AE82A1A676FE5268092FA505 /* Inbox */ = {
			isa = PBXGroup;
			children = (
				7A53CB65C882B6D7CF17EFEB /* InboxView.swift */,
			);
			path = Inbox;
			sourceTree = "<group>";
		};
		B87107C7898ED3F62E0196A0 /* Domain */ = {
			isa = PBXGroup;
			children = (
				B9ED8DF54E8B8CB2B4EF0E7E /* AgentBridgeSnapshotTests.swift */,
				F1A59288033B3920E4AA9539 /* AvailabilityEngineTests.swift */,
				0CCF9D44CFCCC227BF002888 /* ReminderPlannerTests.swift */,
				37321E3F7287D21A2716E2BC /* ResurfacingEngineTests.swift */,
				33822CD21A913AB5F111CB4F /* ReturnTriggerAndHorizonTests.swift */,
				F09D1338468E0A708CBA17ED /* ReviewEngineTests.swift */,
				6FEADB9C842341BBFE93BAC7 /* TaskEditorTests.swift */,
				4C66726052401F713836DD7E /* TaskPriorityEngineTests.swift */,
				5371FB5D531D33CDDCD675F1 /* TenoraRouteTests.swift */,
				59FBBC66681C734960039382 /* WidgetSnapshotTests.swift */,
				F397661F77BEED30C63991C5 /* WorkingScheduleTests.swift */,
			);
			path = Domain;
			sourceTree = "<group>";
		};
		BB83F931524879163112B7C2 /* TenoraUITests */ = {
			isa = PBXGroup;
			children = (
				542383F66EBA91110223583F /* AttentionLoopUITests.swift */,
			);
			path = TenoraUITests;
			sourceTree = "<group>";
		};
		C072C249E8CD9CB126C6196F /* App */ = {
			isa = PBXGroup;
			children = (
				51F19E6E8CD40C49962E57D3 /* AppRuntime.swift */,
				675BBBBAD84FAABC4FC78C11 /* TenoraApp.swift */,
			);
			path = App;
			sourceTree = "<group>";
		};
		C81D3BCC785D55C8418C5D0A /* Platform */ = {
			isa = PBXGroup;
			children = (
				163A10C801A874EEAEEB24FA /* AgentBridge */,
				40F43A14C87877A63800F68D /* AppIntents */,
				0B2320877134A0E3B2424C15 /* EventKit */,
				DAC30C38490F49F46F5AA645 /* Notifications */,
				1FDCC93A5898D58DE26A3B73 /* Widgets */,
			);
			path = Platform;
			sourceTree = "<group>";
		};
		C9D621C96EF171D44E1EE815 /* TaskDetail */ = {
			isa = PBXGroup;
			children = (
				2206AB6F9FD70DA8DEEE5E2C /* HoldPlaceView.swift */,
				7D79121D1E428AB1FF0FDD53 /* JustStartView.swift */,
				BFB8EC27C0F9348CEC9633BF /* ReturnTriggerView.swift */,
				7896AE69EBCE9FAF58815FD6 /* TaskDetailView.swift */,
			);
			path = TaskDetail;
			sourceTree = "<group>";
		};
		CC38C5AD55C55CBB4EA24B31 /* Navigation */ = {
			isa = PBXGroup;
			children = (
				9B5DF93911830F780A3C6D2F /* RootTabView.swift */,
			);
			path = Navigation;
			sourceTree = "<group>";
		};
		D6611FEA1547907CD953026D /* Resources */ = {
			isa = PBXGroup;
			children = (
				9C62C833A4A9B5283A2A3A0C /* Assets.xcassets */,
				5CEBD60058A122871403AEA8 /* Info.plist */,
				D2226ECEA8A388C073F70CA3 /* Tenora.entitlements */,
			);
			path = Resources;
			sourceTree = "<group>";
		};
		D6B656E84905F9AF03413FCB /* Time */ = {
			isa = PBXGroup;
			children = (
				6D4D308B84A73C48483E0987 /* TenoraClock.swift */,
			);
			path = Time;
			sourceTree = "<group>";
		};
		DAAC8C455F96909CFFA36980 /* TenoraWidgets */ = {
			isa = PBXGroup;
			children = (
				097586400EF8CF9FB953F7FE /* Info.plist */,
				9775125D4BE592E5B30197F5 /* TenoraWidgets.entitlements */,
				EC6C3E3B4D480D6870CCBE17 /* TenoraWidgets.swift */,
			);
			path = TenoraWidgets;
			sourceTree = "<group>";
		};
		DAC30C38490F49F46F5AA645 /* Notifications */ = {
			isa = PBXGroup;
			children = (
				6933A55158FECF10EF2EEB92 /* ReminderService.swift */,
			);
			path = Notifications;
			sourceTree = "<group>";
		};
		E491BA617F63EC5CE7AFC692 /* TenoraTests */ = {
			isa = PBXGroup;
			children = (
				18CDFDBDBCBBB0E530D9E604 /* Data */,
				B87107C7898ED3F62E0196A0 /* Domain */,
				7A0087F395EB69A5A7792B79 /* Presentation */,
			);
			path = TenoraTests;
			sourceTree = "<group>";
		};
		E4CE00ACC1E9C63D1EBC59BB /* TaskCapture */ = {
			isa = PBXGroup;
			children = (
				604F3CF4EBF37F94368BCFC9 /* AddTaskView.swift */,
			);
			path = TaskCapture;
			sourceTree = "<group>";
		};
		E7DB000E76CCF79A4E7FA1DF /* Review */ = {
			isa = PBXGroup;
			children = (
				45DCBACC2B7061F69FDC55FF /* ReviewView.swift */,
			);
			path = Review;
			sourceTree = "<group>";
		};
/* End PBXGroup section */

/* Begin PBXNativeTarget section */
		23B8336F44AFCD51D07FEDC7 /* TenoraUITests */ = {
			isa = PBXNativeTarget;
			buildConfigurationList = 7EC76113E6FA5D1711393537 /* Build configuration list for PBXNativeTarget "TenoraUITests" */;
			buildPhases = (
				0B733F031ACEE175A65EADF1 /* Sources */,
			);
			buildRules = (
			);
			dependencies = (
				8774C8B8935291728DD201CB /* PBXTargetDependency */,
			);
			name = TenoraUITests;
			packageProductDependencies = (
			);
			productName = TenoraUITests;
			productReference = 314C15E4DE51716B6CF64291 /* TenoraUITests.xctest */;
			productType = "com.apple.product-type.bundle.ui-testing";
		};
		B2F926ADB2D538701BFA5A19 /* TenoraTests */ = {
			isa = PBXNativeTarget;
			buildConfigurationList = 3379080C24451F893D1CF745 /* Build configuration list for PBXNativeTarget "TenoraTests" */;
			buildPhases = (
				07268FD965B3CB680860A59C /* Sources */,
			);
			buildRules = (
			);
			dependencies = (
				4BF1287CBCDBC167BA00890F /* PBXTargetDependency */,
			);
			name = TenoraTests;
			packageProductDependencies = (
			);
			productName = TenoraTests;
			productReference = 67A21DB4A81A3680B2429D5E /* TenoraTests.xctest */;
			productType = "com.apple.product-type.bundle.unit-test";
		};
		CCF09C66E1D46695BF16BBCF /* Tenora */ = {
			isa = PBXNativeTarget;
			buildConfigurationList = DF0A6D14C9C776CF971FEE78 /* Build configuration list for PBXNativeTarget "Tenora" */;
			buildPhases = (
				7E46F36B062E0CC867246945 /* Sources */,
				DD55B94C9D43AB59C29CE35F /* Resources */,
				A2E0573453CC1700763F9596 /* Embed Foundation Extensions */,
			);
			buildRules = (
			);
			dependencies = (
				4D8448CB8B65366FE8DF32B5 /* PBXTargetDependency */,
			);
			name = Tenora;
			packageProductDependencies = (
			);
			productName = Tenora;
			productReference = E60B9C1E87BB4040D684F879 /* Tenora.app */;
			productType = "com.apple.product-type.application";
		};
		FF99FE73B8311E98F6452418 /* TenoraWidgets */ = {
			isa = PBXNativeTarget;
			buildConfigurationList = C1CCE8BEA99E7578D8502573 /* Build configuration list for PBXNativeTarget "TenoraWidgets" */;
			buildPhases = (
				075D8E4611331A45FAB80766 /* Sources */,
			);
			buildRules = (
			);
			dependencies = (
			);
			name = TenoraWidgets;
			packageProductDependencies = (
			);
			productName = TenoraWidgets;
			productReference = 163306FCA5F71DD4F1C6B8DF /* TenoraWidgets.appex */;
			productType = "com.apple.product-type.app-extension";
		};
/* End PBXNativeTarget section */

/* Begin PBXProject section */
		1DEB33B7E57D9DEB94FFE18E /* Project object */ = {
			isa = PBXProject;
			attributes = {
				BuildIndependentTargetsInParallel = YES;
				LastUpgradeCheck = 1430;
				TargetAttributes = {
					23B8336F44AFCD51D07FEDC7 = {
						DevelopmentTeam = "";
						TestTargetID = CCF09C66E1D46695BF16BBCF;
					};
					B2F926ADB2D538701BFA5A19 = {
						DevelopmentTeam = "";
					};
					CCF09C66E1D46695BF16BBCF = {
						DevelopmentTeam = "";
						ProvisioningStyle = Automatic;
					};
					FF99FE73B8311E98F6452418 = {
						DevelopmentTeam = "";
					};
				};
			};
			buildConfigurationList = 9D61CFDDE82FED9619D89D86 /* Build configuration list for PBXProject "Tenora" */;
			compatibilityVersion = "Xcode 14.0";
			developmentRegion = en;
			hasScannedForEncodings = 0;
			knownRegions = (
				Base,
				en,
			);
			mainGroup = 57C7E37E074E538B72E85204;
			minimizedProjectReferenceProxies = 1;
			preferredProjectObjectVersion = 77;
			projectDirPath = "";
			projectRoot = "";
			targets = (
				CCF09C66E1D46695BF16BBCF /* Tenora */,
				B2F926ADB2D538701BFA5A19 /* TenoraTests */,
				23B8336F44AFCD51D07FEDC7 /* TenoraUITests */,
				FF99FE73B8311E98F6452418 /* TenoraWidgets */,
			);
		};
/* End PBXProject section */

/* Begin PBXResourcesBuildPhase section */
		DD55B94C9D43AB59C29CE35F /* Resources */ = {
			isa = PBXResourcesBuildPhase;
			buildActionMask = 2147483647;
			files = (
				5A4BAFCB67FF377485A1FC59 /* Assets.xcassets in Resources */,
			);
			runOnlyForDeploymentPostprocessing = 0;
		};
/* End PBXResourcesBuildPhase section */

/* Begin PBXSourcesBuildPhase section */
		07268FD965B3CB680860A59C /* Sources */ = {
			isa = PBXSourcesBuildPhase;
			buildActionMask = 2147483647;
			files = (
				82EE04DE38E456B14034BED0 /* AgentBridgeSnapshotTests.swift in Sources */,
				0B0DFADD94148FE03736D015 /* AvailabilityEngineTests.swift in Sources */,
				E5C547BC8E8E140AC6966DF8 /* CalendarStoreTests.swift in Sources */,
				4D87E9862A7B5F07302E5C08 /* ReminderPlannerTests.swift in Sources */,
				FD2795F09FD35262B448FD83 /* ResurfacingEngineTests.swift in Sources */,
				0EFC3B132C806F86DD78386F /* ReturnTriggerAndHorizonTests.swift in Sources */,
				16783E6F47FFA852B411F15C /* ReviewEngineTests.swift in Sources */,
				F87D76931A25DFDC59728325 /* SwiftDataTaskRepositoryTests.swift in Sources */,
				0B3345A3678763E36A1D274A /* TaskEditorTests.swift in Sources */,
				8D3F3E31B17B93DA3C8586C1 /* TaskPriorityEngineTests.swift in Sources */,
				1DF2C61F7C28443C32F2C205 /* TaskStoreTests.swift in Sources */,
				A7C681922BB2A03C67CF1CBF /* TenoraRouteTests.swift in Sources */,
				DAB043AB24C2B6404417D082 /* TransitionStoreTests.swift in Sources */,
				445BDF798448384F201194CD /* WidgetSnapshotTests.swift in Sources */,
				9215B39CB44625FE0D5F99E6 /* WorkingScheduleTests.swift in Sources */,
			);
			runOnlyForDeploymentPostprocessing = 0;
		};
		075D8E4611331A45FAB80766 /* Sources */ = {
			isa = PBXSourcesBuildPhase;
			buildActionMask = 2147483647;
			files = (
				AC8099B5AF218BE1F7816EA4 /* AvailabilityEngine.swift in Sources */,
				F5BB42BDCC888B6C857013B1 /* CalendarEvent.swift in Sources */,
				95D268E986CA5A605BD4118C /* TaskPriorityEngine.swift in Sources */,
				1C07AAAF9D1A6B4084EAB9F6 /* TenoraTask.swift in Sources */,
				971ADF97835B51BD90696C52 /* TenoraWidgets.swift in Sources */,
				A96312DD6AE260B5E948340D /* WidgetSnapshot.swift in Sources */,
				D73117B6CD73D61EF82BF2A4 /* WorkingSchedule.swift in Sources */,
			);
			runOnlyForDeploymentPostprocessing = 0;
		};
		0B733F031ACEE175A65EADF1 /* Sources */ = {
			isa = PBXSourcesBuildPhase;
			buildActionMask = 2147483647;
			files = (
				6329FB0E673FA5E466B8EB3E /* AttentionLoopUITests.swift in Sources */,
			);
			runOnlyForDeploymentPostprocessing = 0;
		};
		7E46F36B062E0CC867246945 /* Sources */ = {
			isa = PBXSourcesBuildPhase;
			buildActionMask = 2147483647;
			files = (
				60FEFCA2E15B9D0201854426 /* AddTaskView.swift in Sources */,
				E3C46AB9F2CEA716A6B93023 /* AddTenoraTaskIntent.swift in Sources */,
				F2D618D935E8515463619602 /* AgentBridgeConfiguration.swift in Sources */,
				407A2E1D409D679C508202E9 /* AgentBridgeOAuthClient.swift in Sources */,
				55537D5C4CE1A7BFDBCC6A00 /* AgentBridgeSnapshot.swift in Sources */,
				403609666CE3263ECAB9C958 /* AgentBridgeSyncService.swift in Sources */,
				A5D4D262BE97E4E29CE52502 /* AgentBridgeTokenStore.swift in Sources */,
				6F083C1DCD34E705F67D4028 /* AppRuntime.swift in Sources */,
				32AF791F93D1EF37ADF8E186 /* AttentionPreferences.swift in Sources */,
				20AD5872EEADE2F4FB61C54B /* AvailabilityEngine.swift in Sources */,
				FB4E2F41072050CF199FD9BD /* CalendarEvent.swift in Sources */,
				4E2D9277EEC04F3F3A5271E6 /* CalendarRepository.swift in Sources */,
				D38B1A595D4B0BDBD2BB0C7D /* CalendarStore.swift in Sources */,
				9E868298E79D04132FA3238A /* CalendarView.swift in Sources */,
				79BB50144F12E9D750F3E0B7 /* DayHorizonEngine.swift in Sources */,
				06841887A9C11964FCC806EF /* EventKitCalendarRepository.swift in Sources */,
				340EB1CECF90DBD1E01E6AEB /* HoldPlaceView.swift in Sources */,
				3DFA95E7E87EACD8FB4AE016 /* InboxView.swift in Sources */,
				785471ADFD779481990FF92E /* JustStartView.swift in Sources */,
				661C4A214173857BA3C21967 /* ReminderPlanner.swift in Sources */,
				30A3174F03A6B85D55EE2E92 /* ReminderService.swift in Sources */,
				18DB53640FC7C817C425E430 /* ResumeView.swift in Sources */,
				6D48EF0408EBBA662E06234D /* ResurfacingEngine.swift in Sources */,
				D3DDCCD541043387E702CB84 /* ReturnTriggerEngine.swift in Sources */,
				8BD6BFD000ACC2DB40FFB148 /* ReturnTriggerView.swift in Sources */,
				FBDECDE086D3B5A21187CBBB /* ReviewEngine.swift in Sources */,
				A0DD0C0BCDE140A28965DFD4 /* ReviewView.swift in Sources */,
				0F2F1BEC60C274416F49AA3D /* RootTabView.swift in Sources */,
				5A5AD50A65F5686658A16919 /* SettingsView.swift in Sources */,
				A8854A3DFFC27EC0654F923D /* StoredTask.swift in Sources */,
				E2A67032527C1684336B0BBC /* SwiftDataTaskRepository.swift in Sources */,
				04C66F964F31ADC4F8123C8A /* TaskDetailView.swift in Sources */,
				C6F2A596E352B76CC0163AE7 /* TaskEditor.swift in Sources */,
				97D1587772CADDAC643B6E37 /* TaskPriorityEngine.swift in Sources */,
				6BA8BE22E0DBE0037ED1B3A7 /* TaskRepository.swift in Sources */,
				372A8421BFC36C8C8CF0B8B2 /* TaskStore.swift in Sources */,
				F0F2676A336AA0641FDAC392 /* TenoraApp.swift in Sources */,
				7B2D12CDB9E604B6A87BDFF8 /* TenoraClock.swift in Sources */,
				6C72525EB19B50DA6209BD56 /* TenoraRoute.swift in Sources */,
				2BEA67D92CE64346ED4DC289 /* TenoraTask.swift in Sources */,
				0C819A0AA3A325B5809D5AFC /* TenoraTheme.swift in Sources */,
				14980D8B2E14247D8B06B1AB /* TodayView.swift in Sources */,
				C4BD3ABAF521AED9DEDE8252 /* TransitionPlan.swift in Sources */,
				B15604E0CA5032879EAD7576 /* TransitionPlanView.swift in Sources */,
				C32467DAE01914D3C2B1C922 /* TransitionStore.swift in Sources */,
				756F3F8C64A3C26AC4854241 /* WidgetPublisher.swift in Sources */,
				B6B102658B0DF7D9B6300440 /* WidgetSnapshot.swift in Sources */,
				78A8864B009A338EBF65C54D /* WorkingSchedule.swift in Sources */,
				ECA88619CA0CB9CBD5ED08B7 /* WorkingScheduleView.swift in Sources */,
			);
			runOnlyForDeploymentPostprocessing = 0;
		};
/* End PBXSourcesBuildPhase section */

/* Begin PBXTargetDependency section */
		4BF1287CBCDBC167BA00890F /* PBXTargetDependency */ = {
			isa = PBXTargetDependency;
			target = CCF09C66E1D46695BF16BBCF /* Tenora */;
			targetProxy = 3D218F2736E2D9E040C99296 /* PBXContainerItemProxy */;
		};
		4D8448CB8B65366FE8DF32B5 /* PBXTargetDependency */ = {
			isa = PBXTargetDependency;
			target = FF99FE73B8311E98F6452418 /* TenoraWidgets */;
			targetProxy = 52353D2DED4361C81DF20A60 /* PBXContainerItemProxy */;
		};
		8774C8B8935291728DD201CB /* PBXTargetDependency */ = {
			isa = PBXTargetDependency;
			target = CCF09C66E1D46695BF16BBCF /* Tenora */;
			targetProxy = 3B80A379D9BE114484A4E9E9 /* PBXContainerItemProxy */;
		};
/* End PBXTargetDependency section */

/* Begin XCBuildConfiguration section */
		0C890623E7E25F9644B8C9A3 /* Release */ = {
			isa = XCBuildConfiguration;
			buildSettings = {
				BUNDLE_LOADER = "$(TEST_HOST)";
				GENERATE_INFOPLIST_FILE = YES;
				LD_RUNPATH_SEARCH_PATHS = (
					"$(inherited)",
					"@executable_path/Frameworks",
					"@loader_path/Frameworks",
				);
				PRODUCT_BUNDLE_IDENTIFIER = com.tenora.uitests;
				SDKROOT = iphoneos;
				TARGETED_DEVICE_FAMILY = "1,2";
				TEST_TARGET_NAME = Tenora;
			};
			name = Release;
		};
		1C8DDA6E3318756F7B6AC7FB /* Debug */ = {
			isa = XCBuildConfiguration;
			buildSettings = {
				BUNDLE_LOADER = "$(TEST_HOST)";
				GENERATE_INFOPLIST_FILE = YES;
				LD_RUNPATH_SEARCH_PATHS = (
					"$(inherited)",
					"@executable_path/Frameworks",
					"@loader_path/Frameworks",
				);
				PRODUCT_BUNDLE_IDENTIFIER = com.tenora.uitests;
				SDKROOT = iphoneos;
				TARGETED_DEVICE_FAMILY = "1,2";
				TEST_TARGET_NAME = Tenora;
			};
			name = Debug;
		};
		337D6FA8C31B0B2E0015B276 /* Debug */ = {
			isa = XCBuildConfiguration;
			buildSettings = {
				ALWAYS_SEARCH_USER_PATHS = NO;
				CLANG_ANALYZER_NONNULL = YES;
				CLANG_ANALYZER_NUMBER_OBJECT_CONVERSION = YES_AGGRESSIVE;
				CLANG_CXX_LANGUAGE_STANDARD = "gnu++14";
				CLANG_CXX_LIBRARY = "libc++";
				CLANG_ENABLE_MODULES = YES;
				CLANG_ENABLE_OBJC_ARC = YES;
				CLANG_ENABLE_OBJC_WEAK = YES;
				CLANG_WARN_BLOCK_CAPTURE_AUTORELEASING = YES;
				CLANG_WARN_BOOL_CONVERSION = YES;
				CLANG_WARN_COMMA = YES;
				CLANG_WARN_CONSTANT_CONVERSION = YES;
				CLANG_WARN_DEPRECATED_OBJC_IMPLEMENTATIONS = YES;
				CLANG_WARN_DIRECT_OBJC_ISA_USAGE = YES_ERROR;
				CLANG_WARN_DOCUMENTATION_COMMENTS = YES;
				CLANG_WARN_EMPTY_BODY = YES;
				CLANG_WARN_ENUM_CONVERSION = YES;
				CLANG_WARN_INFINITE_RECURSION = YES;
				CLANG_WARN_INT_CONVERSION = YES;
				CLANG_WARN_NON_LITERAL_NULL_CONVERSION = YES;
				CLANG_WARN_OBJC_IMPLICIT_RETAIN_SELF = YES;
				CLANG_WARN_OBJC_LITERAL_CONVERSION = YES;
				CLANG_WARN_OBJC_ROOT_CLASS = YES_ERROR;
				CLANG_WARN_QUOTED_INCLUDE_IN_FRAMEWORK_HEADER = YES;
				CLANG_WARN_RANGE_LOOP_ANALYSIS = YES;
				CLANG_WARN_STRICT_PROTOTYPES = YES;
				CLANG_WARN_SUSPICIOUS_MOVE = YES;
				CLANG_WARN_UNGUARDED_AVAILABILITY = YES_AGGRESSIVE;
				CLANG_WARN_UNREACHABLE_CODE = YES;
				CLANG_WARN__DUPLICATE_METHOD_MATCH = YES;
				COPY_PHASE_STRIP = NO;
				CURRENT_PROJECT_VERSION = 1;
				DEBUG_INFORMATION_FORMAT = dwarf;
				DEVELOPMENT_TEAM = "";
				ENABLE_STRICT_OBJC_MSGSEND = YES;
				ENABLE_TESTABILITY = YES;
				GCC_C_LANGUAGE_STANDARD = gnu11;
				GCC_DYNAMIC_NO_PIC = NO;
				GCC_NO_COMMON_BLOCKS = YES;
				GCC_OPTIMIZATION_LEVEL = 0;
				GCC_PREPROCESSOR_DEFINITIONS = (
					"$(inherited)",
					"DEBUG=1",
				);
				GCC_WARN_64_TO_32_BIT_CONVERSION = YES;
				GCC_WARN_ABOUT_RETURN_TYPE = YES_ERROR;
				GCC_WARN_UNDECLARED_SELECTOR = YES;
				GCC_WARN_UNINITIALIZED_AUTOS = YES_AGGRESSIVE;
				GCC_WARN_UNUSED_FUNCTION = YES;
				GCC_WARN_UNUSED_VARIABLE = YES;
				IPHONEOS_DEPLOYMENT_TARGET = 17.0;
				MARKETING_VERSION = 0.1.0;
				MTL_ENABLE_DEBUG_INFO = INCLUDE_SOURCE;
				MTL_FAST_MATH = YES;
				ONLY_ACTIVE_ARCH = YES;
				PRODUCT_NAME = "$(TARGET_NAME)";
				SDKROOT = iphoneos;
				SWIFT_ACTIVE_COMPILATION_CONDITIONS = DEBUG;
				SWIFT_OPTIMIZATION_LEVEL = "-Onone";
				SWIFT_VERSION = 5.0;
			};
			name = Debug;
		};
		3CFBD8E0ACFFAE20B8E5092F /* Release */ = {
			isa = XCBuildConfiguration;
			buildSettings = {
				CODE_SIGN_ENTITLEMENTS = TenoraWidgets/TenoraWidgets.entitlements;
				INFOPLIST_FILE = TenoraWidgets/Info.plist;
				LD_RUNPATH_SEARCH_PATHS = (
					"$(inherited)",
					"@executable_path/Frameworks",
					"@executable_path/../../Frameworks",
				);
				PRODUCT_BUNDLE_IDENTIFIER = com.tenora.app.widgets;
				SDKROOT = iphoneos;
				SKIP_INSTALL = YES;
				TARGETED_DEVICE_FAMILY = 1;
			};
			name = Release;
		};
		4293E1187DD95BFFA6E37965 /* Release */ = {
			isa = XCBuildConfiguration;
			buildSettings = {
				ALWAYS_SEARCH_USER_PATHS = NO;
				CLANG_ANALYZER_NONNULL = YES;
				CLANG_ANALYZER_NUMBER_OBJECT_CONVERSION = YES_AGGRESSIVE;
				CLANG_CXX_LANGUAGE_STANDARD = "gnu++14";
				CLANG_CXX_LIBRARY = "libc++";
				CLANG_ENABLE_MODULES = YES;
				CLANG_ENABLE_OBJC_ARC = YES;
				CLANG_ENABLE_OBJC_WEAK = YES;
				CLANG_WARN_BLOCK_CAPTURE_AUTORELEASING = YES;
				CLANG_WARN_BOOL_CONVERSION = YES;
				CLANG_WARN_COMMA = YES;
				CLANG_WARN_CONSTANT_CONVERSION = YES;
				CLANG_WARN_DEPRECATED_OBJC_IMPLEMENTATIONS = YES;
				CLANG_WARN_DIRECT_OBJC_ISA_USAGE = YES_ERROR;
				CLANG_WARN_DOCUMENTATION_COMMENTS = YES;
				CLANG_WARN_EMPTY_BODY = YES;
				CLANG_WARN_ENUM_CONVERSION = YES;
				CLANG_WARN_INFINITE_RECURSION = YES;
				CLANG_WARN_INT_CONVERSION = YES;
				CLANG_WARN_NON_LITERAL_NULL_CONVERSION = YES;
				CLANG_WARN_OBJC_IMPLICIT_RETAIN_SELF = YES;
				CLANG_WARN_OBJC_LITERAL_CONVERSION = YES;
				CLANG_WARN_OBJC_ROOT_CLASS = YES_ERROR;
				CLANG_WARN_QUOTED_INCLUDE_IN_FRAMEWORK_HEADER = YES;
				CLANG_WARN_RANGE_LOOP_ANALYSIS = YES;
				CLANG_WARN_STRICT_PROTOTYPES = YES;
				CLANG_WARN_SUSPICIOUS_MOVE = YES;
				CLANG_WARN_UNGUARDED_AVAILABILITY = YES_AGGRESSIVE;
				CLANG_WARN_UNREACHABLE_CODE = YES;
				CLANG_WARN__DUPLICATE_METHOD_MATCH = YES;
				COPY_PHASE_STRIP = NO;
				CURRENT_PROJECT_VERSION = 1;
				DEBUG_INFORMATION_FORMAT = "dwarf-with-dsym";
				DEVELOPMENT_TEAM = "";
				ENABLE_NS_ASSERTIONS = NO;
				ENABLE_STRICT_OBJC_MSGSEND = YES;
				GCC_C_LANGUAGE_STANDARD = gnu11;
				GCC_NO_COMMON_BLOCKS = YES;
				GCC_WARN_64_TO_32_BIT_CONVERSION = YES;
				GCC_WARN_ABOUT_RETURN_TYPE = YES_ERROR;
				GCC_WARN_UNDECLARED_SELECTOR = YES;
				GCC_WARN_UNINITIALIZED_AUTOS = YES_AGGRESSIVE;
				GCC_WARN_UNUSED_FUNCTION = YES;
				GCC_WARN_UNUSED_VARIABLE = YES;
				IPHONEOS_DEPLOYMENT_TARGET = 17.0;
				MARKETING_VERSION = 0.1.0;
				MTL_ENABLE_DEBUG_INFO = NO;
				MTL_FAST_MATH = YES;
				PRODUCT_NAME = "$(TARGET_NAME)";
				SDKROOT = iphoneos;
				SWIFT_COMPILATION_MODE = wholemodule;
				SWIFT_OPTIMIZATION_LEVEL = "-O";
				SWIFT_VERSION = 5.0;
			};
			name = Release;
		};
		DDB9BD43B9A805A181F6F1E1 /* Debug */ = {
			isa = XCBuildConfiguration;
			buildSettings = {
				BUNDLE_LOADER = "$(TEST_HOST)";
				GENERATE_INFOPLIST_FILE = YES;
				LD_RUNPATH_SEARCH_PATHS = (
					"$(inherited)",
					"@executable_path/Frameworks",
					"@loader_path/Frameworks",
				);
				PRODUCT_BUNDLE_IDENTIFIER = com.tenora.tests;
				SDKROOT = iphoneos;
				TARGETED_DEVICE_FAMILY = "1,2";
				TEST_HOST = "$(BUILT_PRODUCTS_DIR)/Tenora.app/$(BUNDLE_EXECUTABLE_FOLDER_PATH)/Tenora";
			};
			name = Debug;
		};
		E20552E4BD8D39C3EF082350 /* Debug */ = {
			isa = XCBuildConfiguration;
			buildSettings = {
				ASSETCATALOG_COMPILER_APPICON_NAME = AppIcon;
				ASSETCATALOG_COMPILER_GLOBAL_ACCENT_COLOR_NAME = AccentColor;
				CODE_SIGN_ENTITLEMENTS = Tenora/Resources/Tenora.entitlements;
				CODE_SIGN_IDENTITY = "iPhone Developer";
				CODE_SIGN_STYLE = Automatic;
				GENERATE_INFOPLIST_FILE = YES;
				INFOPLIST_FILE = Tenora/Resources/Info.plist;
				INFOPLIST_KEY_CFBundleDisplayName = Tenora;
				INFOPLIST_KEY_NSCalendarsFullAccessUsageDescription = "Tenora uses your calendar to show what is coming up and find time for tasks.";
				INFOPLIST_KEY_NSCalendarsUsageDescription = "Tenora uses your calendar to show what is coming up and find time for tasks.";
				INFOPLIST_KEY_TENORA_BRIDGE_URL = "$(TENORA_BRIDGE_URL)";
				INFOPLIST_KEY_TENORA_OAUTH_CLIENT_ID = "$(TENORA_OAUTH_CLIENT_ID)";
				INFOPLIST_KEY_TENORA_OAUTH_ISSUER = "$(TENORA_OAUTH_ISSUER)";
				INFOPLIST_KEY_UIApplicationSceneManifest_Generation = YES;
				INFOPLIST_KEY_UIApplicationSupportsIndirectInputEvents = YES;
				INFOPLIST_KEY_UILaunchScreen_Generation = YES;
				LD_RUNPATH_SEARCH_PATHS = (
					"$(inherited)",
					"@executable_path/Frameworks",
				);
				PRODUCT_BUNDLE_IDENTIFIER = com.tenora.app;
				PRODUCT_NAME = Tenora;
				SDKROOT = iphoneos;
				TARGETED_DEVICE_FAMILY = 1;
				TENORA_BRIDGE_URL = "https://tenora-agent-bridge.onrender.com";
				TENORA_OAUTH_CLIENT_ID = "iolMtCvNNWwdOWE0oMFeffFmRL8bRq96";
				TENORA_OAUTH_ISSUER = "https://dev-ea0xbmd8d0k0senm.us.auth0.com/";
			};
			name = Debug;
		};
		E850E1383BCF7866E9876C00 /* Release */ = {
			isa = XCBuildConfiguration;
			buildSettings = {
				ASSETCATALOG_COMPILER_APPICON_NAME = AppIcon;
				ASSETCATALOG_COMPILER_GLOBAL_ACCENT_COLOR_NAME = AccentColor;
				CODE_SIGN_ENTITLEMENTS = Tenora/Resources/Tenora.entitlements;
				CODE_SIGN_IDENTITY = "iPhone Developer";
				CODE_SIGN_STYLE = Automatic;
				GENERATE_INFOPLIST_FILE = YES;
				INFOPLIST_FILE = Tenora/Resources/Info.plist;
				INFOPLIST_KEY_CFBundleDisplayName = Tenora;
				INFOPLIST_KEY_NSCalendarsFullAccessUsageDescription = "Tenora uses your calendar to show what is coming up and find time for tasks.";
				INFOPLIST_KEY_NSCalendarsUsageDescription = "Tenora uses your calendar to show what is coming up and find time for tasks.";
				INFOPLIST_KEY_TENORA_BRIDGE_URL = "$(TENORA_BRIDGE_URL)";
				INFOPLIST_KEY_TENORA_OAUTH_CLIENT_ID = "$(TENORA_OAUTH_CLIENT_ID)";
				INFOPLIST_KEY_TENORA_OAUTH_ISSUER = "$(TENORA_OAUTH_ISSUER)";
				INFOPLIST_KEY_UIApplicationSceneManifest_Generation = YES;
				INFOPLIST_KEY_UIApplicationSupportsIndirectInputEvents = YES;
				INFOPLIST_KEY_UILaunchScreen_Generation = YES;
				LD_RUNPATH_SEARCH_PATHS = (
					"$(inherited)",
					"@executable_path/Frameworks",
				);
				PRODUCT_BUNDLE_IDENTIFIER = com.tenora.app;
				PRODUCT_NAME = Tenora;
				SDKROOT = iphoneos;
				TARGETED_DEVICE_FAMILY = 1;
				TENORA_BRIDGE_URL = "https://tenora-agent-bridge.onrender.com";
				TENORA_OAUTH_CLIENT_ID = "iolMtCvNNWwdOWE0oMFeffFmRL8bRq96";
				TENORA_OAUTH_ISSUER = "https://dev-ea0xbmd8d0k0senm.us.auth0.com/";
			};
			name = Release;
		};
		EF0B820904458EC6A2C6BEF8 /* Debug */ = {
			isa = XCBuildConfiguration;
			buildSettings = {
				CODE_SIGN_ENTITLEMENTS = TenoraWidgets/TenoraWidgets.entitlements;
				INFOPLIST_FILE = TenoraWidgets/Info.plist;
				LD_RUNPATH_SEARCH_PATHS = (
					"$(inherited)",
					"@executable_path/Frameworks",
					"@executable_path/../../Frameworks",
				);
				PRODUCT_BUNDLE_IDENTIFIER = com.tenora.app.widgets;
				SDKROOT = iphoneos;
				SKIP_INSTALL = YES;
				TARGETED_DEVICE_FAMILY = 1;
			};
			name = Debug;
		};
		F111775B514B513F79DA236E /* Release */ = {
			isa = XCBuildConfiguration;
			buildSettings = {
				BUNDLE_LOADER = "$(TEST_HOST)";
				GENERATE_INFOPLIST_FILE = YES;
				LD_RUNPATH_SEARCH_PATHS = (
					"$(inherited)",
					"@executable_path/Frameworks",
					"@loader_path/Frameworks",
				);
				PRODUCT_BUNDLE_IDENTIFIER = com.tenora.tests;
				SDKROOT = iphoneos;
				TARGETED_DEVICE_FAMILY = "1,2";
				TEST_HOST = "$(BUILT_PRODUCTS_DIR)/Tenora.app/$(BUNDLE_EXECUTABLE_FOLDER_PATH)/Tenora";
			};
			name = Release;
		};
/* End XCBuildConfiguration section */

/* Begin XCConfigurationList section */
		3379080C24451F893D1CF745 /* Build configuration list for PBXNativeTarget "TenoraTests" */ = {
			isa = XCConfigurationList;
			buildConfigurations = (
				DDB9BD43B9A805A181F6F1E1 /* Debug */,
				F111775B514B513F79DA236E /* Release */,
			);
			defaultConfigurationIsVisible = 0;
			defaultConfigurationName = Debug;
		};
		7EC76113E6FA5D1711393537 /* Build configuration list for PBXNativeTarget "TenoraUITests" */ = {
			isa = XCConfigurationList;
			buildConfigurations = (
				1C8DDA6E3318756F7B6AC7FB /* Debug */,
				0C890623E7E25F9644B8C9A3 /* Release */,
			);
			defaultConfigurationIsVisible = 0;
			defaultConfigurationName = Debug;
		};
		9D61CFDDE82FED9619D89D86 /* Build configuration list for PBXProject "Tenora" */ = {
			isa = XCConfigurationList;
			buildConfigurations = (
				337D6FA8C31B0B2E0015B276 /* Debug */,
				4293E1187DD95BFFA6E37965 /* Release */,
			);
			defaultConfigurationIsVisible = 0;
			defaultConfigurationName = Debug;
		};
		C1CCE8BEA99E7578D8502573 /* Build configuration list for PBXNativeTarget "TenoraWidgets" */ = {
			isa = XCConfigurationList;
			buildConfigurations = (
				EF0B820904458EC6A2C6BEF8 /* Debug */,
				3CFBD8E0ACFFAE20B8E5092F /* Release */,
			);
			defaultConfigurationIsVisible = 0;
			defaultConfigurationName = Debug;
		};
		DF0A6D14C9C776CF971FEE78 /* Build configuration list for PBXNativeTarget "Tenora" */ = {
			isa = XCConfigurationList;
			buildConfigurations = (
				E20552E4BD8D39C3EF082350 /* Debug */,
				E850E1383BCF7866E9876C00 /* Release */,
			);
			defaultConfigurationIsVisible = 0;
			defaultConfigurationName = Debug;
		};
/* End XCConfigurationList section */
	};
	rootObject = 1DEB33B7E57D9DEB94FFE18E /* Project object */;
}
